
Microsoft Visual Studio Solution File, Format Version 12.00
# Visual Studio Version 17
VisualStudioVersion = 17.11.35327.3
MinimumVisualStudioVersion = 10.0.40219.1
Project("{2150E333-8FDC-42A3-9474-1A3956D46DE8}") = "Services", "Services", "{92DF9D1F-50D4-48FA-A7BF-C62865E71C00}"
EndProject
Project("{2150E333-8FDC-42A3-9474-1A3956D46DE8}") = "Catalog", "Catalog", "{B3145064-6B8E-4679-B099-A0B24D11502B}"
EndProject
Project("{9A19103F-16F7-4668-BE54-9A1E7A4F7556}") = "BerkayShop.Catalog", "Services\Catalog\BerkayShop.Catalog\BerkayShop.Catalog.csproj", "{64F8978D-BD52-4F93-B959-528AF8D7FF91}"
EndProject
Project("{2150E333-8FDC-42A3-9474-1A3956D46DE8}") = "Discount", "Discount", "{17A9B8E9-E8F6-489F-80D5-4D63E7D65A6D}"
EndProject
Project("{9A19103F-16F7-4668-BE54-9A1E7A4F7556}") = "BerkayShop.Discount", "Services\BerkayShop.Discount\BerkayShop.Discount.csproj", "{39BE8F2B-28ED-4880-AAB5-8D42B038C58F}"
EndProject
Project("{2150E333-8FDC-42A3-9474-1A3956D46DE8}") = "Order", "Order", "{6DF598A1-344A-4A5E-A781-A74C91CFF4AB}"
EndProject
Project("{2150E333-8FDC-42A3-9474-1A3956D46DE8}") = "Core", "Core", "{5632C1BB-A813-4AE0-9F93-2759CDAF5CD6}"
EndProject
Project("{2150E333-8FDC-42A3-9474-1A3956D46DE8}") = "Infrastructure", "Infrastructure", "{F0D71854-D778-4A85-8624-08063CF18A5F}"
EndProject
Project("{2150E333-8FDC-42A3-9474-1A3956D46DE8}") = "Presentation", "Presentation", "{40DFAEFA-A3F7-488F-BBDE-A6B989998E27}"
EndProject
Project("{9A19103F-16F7-4668-BE54-9A1E7A4F7556}") = "BerkayShop.Order.Domain", "Services\Order\Core\BerkayShop.Order.Domain\BerkayShop.Order.Domain.csproj", "{9B1E67CD-F7A3-4F38-BA00-4328D875B6B6}"
EndProject
Project("{9A19103F-16F7-4668-BE54-9A1E7A4F7556}") = "BerkayShop.Order.Application", "Services\Order\Core\BerkayShop.Order.Application\BerkayShop.Order.Application.csproj", "{01A5F144-0748-4363-8ABE-9C80B2ED9BA6}"
EndProject
Project("{9A19103F-16F7-4668-BE54-9A1E7A4F7556}") = "BerkayShop.Order.Persistence", "Services\Order\Infrastructure\BerkayShop.Order.Persistence\BerkayShop.Order.Persistence.csproj", "{58B3CFCA-6E83-4B5E-A80E-E4F82AA926C9}"
EndProject
Project("{9A19103F-16F7-4668-BE54-9A1E7A4F7556}") = "BerkayShop.Order.WebApi", "Services\Order\Presentation\BerkayShop.Order.WebApi\BerkayShop.Order.WebApi.csproj", "{7D0C9A54-E653-41C9-A49B-F3B51F9FD050}"
EndProject
Project("{2150E333-8FDC-42A3-9474-1A3956D46DE8}") = "IdentityServer", "IdentityServer", "{CC2CEDF5-D53E-46AD-920E-CCA06D047623}"
EndProject
Project("{9A19103F-16F7-4668-BE54-9A1E7A4F7556}") = "BerkayShop.IdentityServer", "IdentityServer\BerkayShop.IdentityServer\BerkayShop.IdentityServer.csproj", "{30E57103-2BAA-4E37-BC52-FE7F78431FA6}"
EndProject
Project("{2150E333-8FDC-42A3-9474-1A3956D46DE8}") = "Notlar", "Notlar", "{AF0D55B7-A499-404E-9109-49AF8ADC9796}"
	ProjectSection(SolutionItems) = preProject
		Articles.txt = Articles.txt
		ExampleUserDataset.txt = ExampleUserDataset.txt
		PortNumbers.txt = PortNumbers.txt
		ToDoList.txt = ToDoList.txt
		token.txt = token.txt
	EndProjectSection
EndProject
Project("{2150E333-8FDC-42A3-9474-1A3956D46DE8}") = "Cargo", "Cargo", "{4E56B762-859B-40EA-9B4B-2D27E3E5AB06}"
EndProject
Project("{9A19103F-16F7-4668-BE54-9A1E7A4F7556}") = "BerkayShop.Cargo.EntityLayer", "Services\Cargo\BerkayShop.Cargo.EntityLayer\BerkayShop.Cargo.EntityLayer.csproj", "{48688533-C5A0-4B62-B4D4-24C3780B26E4}"
EndProject
Project("{9A19103F-16F7-4668-BE54-9A1E7A4F7556}") = "BerkayShop.Cargo.DataAccessLayer", "Services\Cargo\BerkayShop.Cargo.DataAccessLayer\BerkayShop.Cargo.DataAccessLayer.csproj", "{47B8B98A-7CBB-49CB-BD05-5BAB7F99A44A}"
EndProject
Project("{9A19103F-16F7-4668-BE54-9A1E7A4F7556}") = "BerkayShop.Cargo.DtoLayer", "Services\Cargo\BerkayShop.Cargo.DtoLayer\BerkayShop.Cargo.DtoLayer.csproj", "{66257B8A-FB32-479B-B2ED-7CEED38B986F}"
EndProject
Project("{9A19103F-16F7-4668-BE54-9A1E7A4F7556}") = "BerkayShop.Cargo.BusinessLayer", "Services\Cargo\BerkayShop.Cargo.BusinessLayer\BerkayShop.Cargo.BusinessLayer.csproj", "{F272AEAC-043B-411B-9E34-5D4245AD72F3}"
EndProject
Project("{9A19103F-16F7-4668-BE54-9A1E7A4F7556}") = "BerkayShop.Cargo.WebApi", "Services\Cargo\BerkayShop.Cargo.WebApi\BerkayShop.Cargo.WebApi.csproj", "{DC7EFDC4-E241-414E-9D57-9391DD1C31E5}"
EndProject
Project("{2150E333-8FDC-42A3-9474-1A3956D46DE8}") = "Basket", "Basket", "{A09E258A-AE6F-46BF-9F26-35993037AC45}"
EndProject
Project("{9A19103F-16F7-4668-BE54-9A1E7A4F7556}") = "BerkayShop.Basket", "Services\Basket\BerkayShop.Basket\BerkayShop.Basket.csproj", "{4B1A5584-0008-4D4B-8183-915DE22E10F8}"
EndProject
Project("{2150E333-8FDC-42A3-9474-1A3956D46DE8}") = "Frontends", "Frontends", "{E5348CCD-0397-4100-9CFB-E861D1BE9945}"
EndProject
Project("{9A19103F-16F7-4668-BE54-9A1E7A4F7556}") = "BerkayShop.WebUI", "Frontends\BerkayShop.WebUI\BerkayShop.WebUI.csproj", "{1564F5FC-65A7-43EB-8EB5-5DD9C3203037}"
EndProject
Project("{9A19103F-16F7-4668-BE54-9A1E7A4F7556}") = "BerkayShop.DtoLayer", "Frontends\BerkayShop.DtoLayer\BerkayShop.DtoLayer.csproj", "{309473AD-488A-4EF3-90DB-63E64FA969F1}"
EndProject
Project("{2150E333-8FDC-42A3-9474-1A3956D46DE8}") = "Comment", "Comment", "{025A9FE0-7857-494C-A2D9-20C19A9B564E}"
EndProject
Project("{9A19103F-16F7-4668-BE54-9A1E7A4F7556}") = "BerkayShop.Comment", "Services\Comment\BerkayShop.Comment\BerkayShop.Comment.csproj", "{CE8CA270-8A01-4FC3-B30D-DFC151764D86}"
EndProject
Project("{2150E333-8FDC-42A3-9474-1A3956D46DE8}") = "ApiGateway", "ApiGateway", "{4290A16D-319E-4B2F-8B24-2DE502D02F8F}"
EndProject
Project("{2150E333-8FDC-42A3-9474-1A3956D46DE8}") = "RapidApi", "RapidApi", "{A9F17DEC-11C2-4FCE-8EEE-2149AA59D9C5}"
EndProject
Project("{9A19103F-16F7-4668-BE54-9A1E7A4F7556}") = "BerkayShop.OcelotGateway", "BerkayShop.OcelotGateway\BerkayShop.OcelotGateway.csproj", "{337C53A6-526A-4A2D-BBA2-BE7C9DF310B9}"
EndProject
Project("{2150E333-8FDC-42A3-9474-1A3956D46DE8}") = "Payment", "Payment", "{39739298-D2E6-439C-8E7F-36163F773050}"
EndProject
Project("{9A19103F-16F7-4668-BE54-9A1E7A4F7556}") = "BerkayShop.Payment", "Services\Payment\BerkayShop.Payment\BerkayShop.Payment.csproj", "{49424092-B256-4BA9-9C90-FAB8C78835E6}"
EndProject
Project("{2150E333-8FDC-42A3-9474-1A3956D46DE8}") = "Images", "Images", "{83918204-97A2-44F1-86CC-A1764B1EEF7E}"
EndProject
Project("{9A19103F-16F7-4668-BE54-9A1E7A4F7556}") = "BerkayShop.Images", "Services\Images\BerkayShop.Images\BerkayShop.Images.csproj", "{A6519153-FB92-4A95-8EC1-06232AD73A54}"
EndProject
Project("{2150E333-8FDC-42A3-9474-1A3956D46DE8}") = "Message", "Message", "{18BE6D56-5CEF-4095-BB05-DC0774A929E8}"
EndProject
Project("{9A19103F-16F7-4668-BE54-9A1E7A4F7556}") = "BerkayShop.Message", "Services\Message\BerkayShop.Message\BerkayShop.Message.csproj", "{FD626891-6373-4DB9-87BA-882FDA49C879}"
EndProject
Project("{2150E333-8FDC-42A3-9474-1A3956D46DE8}") = "SignalRRealTime", "SignalRRealTime", "{F6B67852-355C-4FD6-9ABB-A805C9B016DA}"
EndProject
Project("{9A19103F-16F7-4668-BE54-9A1E7A4F7556}") = "BerkayShop.SignalRRealTime", "Services\SignalRRealTime\BerkayShop.SignalRRealTime\BerkayShop.SignalRRealTime.csproj", "{0A5BA125-0D1B-49F4-AF74-6F1BB7FBE39D}"
EndProject
Project("{FAE04EC0-301F-11D3-BF4B-00C04F79EFBC}") = "BerkayShop.ImagesWebUI", "Services\Images\BerkayShop.ImagesWebUI\BerkayShop.ImagesWebUI.csproj", "{3F8E098D-AA6C-4C36-90E2-9FA8925C70A5}"
EndProject
Project("{2150E333-8FDC-42A3-9474-1A3956D46DE8}") = "RabbitMQMessage", "RabbitMQMessage", "{8B0EB9A6-1BFA-40FE-B2E2-38FD08191E4C}"
EndProject
Project("{FAE04EC0-301F-11D3-BF4B-00C04F79EFBC}") = "BerkayShop.RabbitMQMessageApi", "Services\RabbitMQMessage\BerkayShop.RabbitMQMessageApi\BerkayShop.RabbitMQMessageApi.csproj", "{32DA3376-4BAE-4634-B51B-F29085F3FE7E}"
EndProject
Project("{FAE04EC0-301F-11D3-BF4B-00C04F79EFBC}") = "BerkayShop.RapidApiWebUI", "Services\RapidApi\BerkayShop.RapidApiWebUI\BerkayShop.RapidApiWebUI.csproj", "{A0BAA442-DD12-4E63-A17F-511438EE2EA0}"
EndProject
Global
	GlobalSection(SolutionConfigurationPlatforms) = preSolution
		Debug|Any CPU = Debug|Any CPU
		Release|Any CPU = Release|Any CPU
	EndGlobalSection
	GlobalSection(ProjectConfigurationPlatforms) = postSolution
		{64F8978D-BD52-4F93-B959-528AF8D7FF91}.Debug|Any CPU.ActiveCfg = Debug|Any CPU
		{64F8978D-BD52-4F93-B959-528AF8D7FF91}.Debug|Any CPU.Build.0 = Debug|Any CPU
		{64F8978D-BD52-4F93-B959-528AF8D7FF91}.Release|Any CPU.ActiveCfg = Release|Any CPU
		{64F8978D-BD52-4F93-B959-528AF8D7FF91}.Release|Any CPU.Build.0 = Release|Any CPU
		{39BE8F2B-28ED-4880-AAB5-8D42B038C58F}.Debug|Any CPU.ActiveCfg = Debug|Any CPU
		{39BE8F2B-28ED-4880-AAB5-8D42B038C58F}.Debug|Any CPU.Build.0 = Debug|Any CPU
		{39BE8F2B-28ED-4880-AAB5-8D42B038C58F}.Release|Any CPU.ActiveCfg = Release|Any CPU
		{39BE8F2B-28ED-4880-AAB5-8D42B038C58F}.Release|Any CPU.Build.0 = Release|Any CPU
		{9B1E67CD-F7A3-4F38-BA00-4328D875B6B6}.Debug|Any CPU.ActiveCfg = Debug|Any CPU
		{9B1E67CD-F7A3-4F38-BA00-4328D875B6B6}.Debug|Any CPU.Build.0 = Debug|Any CPU
		{9B1E67CD-F7A3-4F38-BA00-4328D875B6B6}.Release|Any CPU.ActiveCfg = Release|Any CPU
		{9B1E67CD-F7A3-4F38-BA00-4328D875B6B6}.Release|Any CPU.Build.0 = Release|Any CPU
		{01A5F144-0748-4363-8ABE-9C80B2ED9BA6}.Debug|Any CPU.ActiveCfg = Debug|Any CPU
		{01A5F144-0748-4363-8ABE-9C80B2ED9BA6}.Debug|Any CPU.Build.0 = Debug|Any CPU
		{01A5F144-0748-4363-8ABE-9C80B2ED9BA6}.Release|Any CPU.ActiveCfg = Release|Any CPU
		{01A5F144-0748-4363-8ABE-9C80B2ED9BA6}.Release|Any CPU.Build.0 = Release|Any CPU
		{58B3CFCA-6E83-4B5E-A80E-E4F82AA926C9}.Debug|Any CPU.ActiveCfg = Debug|Any CPU
		{58B3CFCA-6E83-4B5E-A80E-E4F82AA926C9}.Debug|Any CPU.Build.0 = Debug|Any CPU
		{58B3CFCA-6E83-4B5E-A80E-E4F82AA926C9}.Release|Any CPU.ActiveCfg = Release|Any CPU
		{58B3CFCA-6E83-4B5E-A80E-E4F82AA926C9}.Release|Any CPU.Build.0 = Release|Any CPU
		{7D0C9A54-E653-41C9-A49B-F3B51F9FD050}.Debug|Any CPU.ActiveCfg = Debug|Any CPU
		{7D0C9A54-E653-41C9-A49B-F3B51F9FD050}.Debug|Any CPU.Build.0 = Debug|Any CPU
		{7D0C9A54-E653-41C9-A49B-F3B51F9FD050}.Release|Any CPU.ActiveCfg = Release|Any CPU
		{7D0C9A54-E653-41C9-A49B-F3B51F9FD050}.Release|Any CPU.Build.0 = Release|Any CPU
		{30E57103-2BAA-4E37-BC52-FE7F78431FA6}.Debug|Any CPU.ActiveCfg = Debug|Any CPU
		{30E57103-2BAA-4E37-BC52-FE7F78431FA6}.Debug|Any CPU.Build.0 = Debug|Any CPU
		{30E57103-2BAA-4E37-BC52-FE7F78431FA6}.Release|Any CPU.ActiveCfg = Release|Any CPU
		{30E57103-2BAA-4E37-BC52-FE7F78431FA6}.Release|Any CPU.Build.0 = Release|Any CPU
		{48688533-C5A0-4B62-B4D4-24C3780B26E4}.Debug|Any CPU.ActiveCfg = Debug|Any CPU
		{48688533-C5A0-4B62-B4D4-24C3780B26E4}.Debug|Any CPU.Build.0 = Debug|Any CPU
		{48688533-C5A0-4B62-B4D4-24C3780B26E4}.Release|Any CPU.ActiveCfg = Release|Any CPU
		{48688533-C5A0-4B62-B4D4-24C3780B26E4}.Release|Any CPU.Build.0 = Release|Any CPU
		{47B8B98A-7CBB-49CB-BD05-5BAB7F99A44A}.Debug|Any CPU.ActiveCfg = Debug|Any CPU
		{47B8B98A-7CBB-49CB-BD05-5BAB7F99A44A}.Debug|Any CPU.Build.0 = Debug|Any CPU
		{47B8B98A-7CBB-49CB-BD05-5BAB7F99A44A}.Release|Any CPU.ActiveCfg = Release|Any CPU
		{47B8B98A-7CBB-49CB-BD05-5BAB7F99A44A}.Release|Any CPU.Build.0 = Release|Any CPU
		{66257B8A-FB32-479B-B2ED-7CEED38B986F}.Debug|Any CPU.ActiveCfg = Debug|Any CPU
		{66257B8A-FB32-479B-B2ED-7CEED38B986F}.Debug|Any CPU.Build.0 = Debug|Any CPU
		{66257B8A-FB32-479B-B2ED-7CEED38B986F}.Release|Any CPU.ActiveCfg = Release|Any CPU
		{66257B8A-FB32-479B-B2ED-7CEED38B986F}.Release|Any CPU.Build.0 = Release|Any CPU
		{F272AEAC-043B-411B-9E34-5D4245AD72F3}.Debug|Any CPU.ActiveCfg = Debug|Any CPU
		{F272AEAC-043B-411B-9E34-5D4245AD72F3}.Debug|Any CPU.Build.0 = Debug|Any CPU
		{F272AEAC-043B-411B-9E34-5D4245AD72F3}.Release|Any CPU.ActiveCfg = Release|Any CPU
		{F272AEAC-043B-411B-9E34-5D4245AD72F3}.Release|Any CPU.Build.0 = Release|Any CPU
		{DC7EFDC4-E241-414E-9D57-9391DD1C31E5}.Debug|Any CPU.ActiveCfg = Debug|Any CPU
		{DC7EFDC4-E241-414E-9D57-9391DD1C31E5}.Debug|Any CPU.Build.0 = Debug|Any CPU
		{DC7EFDC4-E241-414E-9D57-9391DD1C31E5}.Release|Any CPU.ActiveCfg = Release|Any CPU
		{DC7EFDC4-E241-414E-9D57-9391DD1C31E5}.Release|Any CPU.Build.0 = Release|Any CPU
		{4B1A5584-0008-4D4B-8183-915DE22E10F8}.Debug|Any CPU.ActiveCfg = Debug|Any CPU
		{4B1A5584-0008-4D4B-8183-915DE22E10F8}.Debug|Any CPU.Build.0 = Debug|Any CPU
		{4B1A5584-0008-4D4B-8183-915DE22E10F8}.Release|Any CPU.ActiveCfg = Release|Any CPU
		{4B1A5584-0008-4D4B-8183-915DE22E10F8}.Release|Any CPU.Build.0 = Release|Any CPU
		{1564F5FC-65A7-43EB-8EB5-5DD9C3203037}.Debug|Any CPU.ActiveCfg = Debug|Any CPU
		{1564F5FC-65A7-43EB-8EB5-5DD9C3203037}.Debug|Any CPU.Build.0 = Debug|Any CPU
		{1564F5FC-65A7-43EB-8EB5-5DD9C3203037}.Release|Any CPU.ActiveCfg = Release|Any CPU
		{1564F5FC-65A7-43EB-8EB5-5DD9C3203037}.Release|Any CPU.Build.0 = Release|Any CPU
		{309473AD-488A-4EF3-90DB-63E64FA969F1}.Debug|Any CPU.ActiveCfg = Debug|Any CPU
		{309473AD-488A-4EF3-90DB-63E64FA969F1}.Debug|Any CPU.Build.0 = Debug|Any CPU
		{309473AD-488A-4EF3-90DB-63E64FA969F1}.Release|Any CPU.ActiveCfg = Release|Any CPU
		{309473AD-488A-4EF3-90DB-63E64FA969F1}.Release|Any CPU.Build.0 = Release|Any CPU
		{CE8CA270-8A01-4FC3-B30D-DFC151764D86}.Debug|Any CPU.ActiveCfg = Debug|Any CPU
		{CE8CA270-8A01-4FC3-B30D-DFC151764D86}.Debug|Any CPU.Build.0 = Debug|Any CPU
		{CE8CA270-8A01-4FC3-B30D-DFC151764D86}.Release|Any CPU.ActiveCfg = Release|Any CPU
		{CE8CA270-8A01-4FC3-B30D-DFC151764D86}.Release|Any CPU.Build.0 = Release|Any CPU
		{337C53A6-526A-4A2D-BBA2-BE7C9DF310B9}.Debug|Any CPU.ActiveCfg = Debug|Any CPU
		{337C53A6-526A-4A2D-BBA2-BE7C9DF310B9}.Debug|Any CPU.Build.0 = Debug|Any CPU
		{337C53A6-526A-4A2D-BBA2-BE7C9DF310B9}.Release|Any CPU.ActiveCfg = Release|Any CPU
		{337C53A6-526A-4A2D-BBA2-BE7C9DF310B9}.Release|Any CPU.Build.0 = Release|Any CPU
		{49424092-B256-4BA9-9C90-FAB8C78835E6}.Debug|Any CPU.ActiveCfg = Debug|Any CPU
		{49424092-B256-4BA9-9C90-FAB8C78835E6}.Debug|Any CPU.Build.0 = Debug|Any CPU
		{49424092-B256-4BA9-9C90-FAB8C78835E6}.Release|Any CPU.ActiveCfg = Release|Any CPU
		{49424092-B256-4BA9-9C90-FAB8C78835E6}.Release|Any CPU.Build.0 = Release|Any CPU
		{A6519153-FB92-4A95-8EC1-06232AD73A54}.Debug|Any CPU.ActiveCfg = Debug|Any CPU
		{A6519153-FB92-4A95-8EC1-06232AD73A54}.Debug|Any CPU.Build.0 = Debug|Any CPU
		{A6519153-FB92-4A95-8EC1-06232AD73A54}.Release|Any CPU.ActiveCfg = Release|Any CPU
		{A6519153-FB92-4A95-8EC1-06232AD73A54}.Release|Any CPU.Build.0 = Release|Any CPU
		{FD626891-6373-4DB9-87BA-882FDA49C879}.Debug|Any CPU.ActiveCfg = Debug|Any CPU
		{FD626891-6373-4DB9-87BA-882FDA49C879}.Debug|Any CPU.Build.0 = Debug|Any CPU
		{FD626891-6373-4DB9-87BA-882FDA49C879}.Release|Any CPU.ActiveCfg = Release|Any CPU
		{FD626891-6373-4DB9-87BA-882FDA49C879}.Release|Any CPU.Build.0 = Release|Any CPU
		{0A5BA125-0D1B-49F4-AF74-6F1BB7FBE39D}.Debug|Any CPU.ActiveCfg = Debug|Any CPU
		{0A5BA125-0D1B-49F4-AF74-6F1BB7FBE39D}.Debug|Any CPU.Build.0 = Debug|Any CPU
		{0A5BA125-0D1B-49F4-AF74-6F1BB7FBE39D}.Release|Any CPU.ActiveCfg = Release|Any CPU
		{0A5BA125-0D1B-49F4-AF74-6F1BB7FBE39D}.Release|Any CPU.Build.0 = Release|Any CPU
		{3F8E098D-AA6C-4C36-90E2-9FA8925C70A5}.Debug|Any CPU.ActiveCfg = Debug|Any CPU
		{3F8E098D-AA6C-4C36-90E2-9FA8925C70A5}.Debug|Any CPU.Build.0 = Debug|Any CPU
		{3F8E098D-AA6C-4C36-90E2-9FA8925C70A5}.Release|Any CPU.ActiveCfg = Release|Any CPU
		{3F8E098D-AA6C-4C36-90E2-9FA8925C70A5}.Release|Any CPU.Build.0 = Release|Any CPU
		{32DA3376-4BAE-4634-B51B-F29085F3FE7E}.Debug|Any CPU.ActiveCfg = Debug|Any CPU
		{32DA3376-4BAE-4634-B51B-F29085F3FE7E}.Debug|Any CPU.Build.0 = Debug|Any CPU
		{32DA3376-4BAE-4634-B51B-F29085F3FE7E}.Release|Any CPU.ActiveCfg = Release|Any CPU
		{32DA3376-4BAE-4634-B51B-F29085F3FE7E}.Release|Any CPU.Build.0 = Release|Any CPU
		{A0BAA442-DD12-4E63-A17F-511438EE2EA0}.Debug|Any CPU.ActiveCfg = Debug|Any CPU
		{A0BAA442-DD12-4E63-A17F-511438EE2EA0}.Debug|Any CPU.Build.0 = Debug|Any CPU
		{A0BAA442-DD12-4E63-A17F-511438EE2EA0}.Release|Any CPU.ActiveCfg = Release|Any CPU
		{A0BAA442-DD12-4E63-A17F-511438EE2EA0}.Release|Any CPU.Build.0 = Release|Any CPU
	EndGlobalSection
	GlobalSection(SolutionProperties) = preSolution
		HideSolutionNode = FALSE
	EndGlobalSection
	GlobalSection(NestedProjects) = preSolution
		{B3145064-6B8E-4679-B099-A0B24D11502B} = {92DF9D1F-50D4-48FA-A7BF-C62865E71C00}
		{64F8978D-BD52-4F93-B959-528AF8D7FF91} = {B3145064-6B8E-4679-B099-A0B24D11502B}
		{17A9B8E9-E8F6-489F-80D5-4D63E7D65A6D} = {92DF9D1F-50D4-48FA-A7BF-C62865E71C00}
		{39BE8F2B-28ED-4880-AAB5-8D42B038C58F} = {17A9B8E9-E8F6-489F-80D5-4D63E7D65A6D}
		{6DF598A1-344A-4A5E-A781-A74C91CFF4AB} = {92DF9D1F-50D4-48FA-A7BF-C62865E71C00}
		{5632C1BB-A813-4AE0-9F93-2759CDAF5CD6} = {6DF598A1-344A-4A5E-A781-A74C91CFF4AB}
		{F0D71854-D778-4A85-8624-08063CF18A5F} = {6DF598A1-344A-4A5E-A781-A74C91CFF4AB}
		{40DFAEFA-A3F7-488F-BBDE-A6B989998E27} = {6DF598A1-344A-4A5E-A781-A74C91CFF4AB}
		{9B1E67CD-F7A3-4F38-BA00-4328D875B6B6} = {5632C1BB-A813-4AE0-9F93-2759CDAF5CD6}
		{01A5F144-0748-4363-8ABE-9C80B2ED9BA6} = {5632C1BB-A813-4AE0-9F93-2759CDAF5CD6}
		{58B3CFCA-6E83-4B5E-A80E-E4F82AA926C9} = {F0D71854-D778-4A85-8624-08063CF18A5F}
		{7D0C9A54-E653-41C9-A49B-F3B51F9FD050} = {40DFAEFA-A3F7-488F-BBDE-A6B989998E27}
		{30E57103-2BAA-4E37-BC52-FE7F78431FA6} = {CC2CEDF5-D53E-46AD-920E-CCA06D047623}
		{AF0D55B7-A499-404E-9109-49AF8ADC9796} = {92DF9D1F-50D4-48FA-A7BF-C62865E71C00}
		{4E56B762-859B-40EA-9B4B-2D27E3E5AB06} = {92DF9D1F-50D4-48FA-A7BF-C62865E71C00}
		{48688533-C5A0-4B62-B4D4-24C3780B26E4} = {4E56B762-859B-40EA-9B4B-2D27E3E5AB06}
		{47B8B98A-7CBB-49CB-BD05-5BAB7F99A44A} = {4E56B762-859B-40EA-9B4B-2D27E3E5AB06}
		{66257B8A-FB32-479B-B2ED-7CEED38B986F} = {4E56B762-859B-40EA-9B4B-2D27E3E5AB06}
		{F272AEAC-043B-411B-9E34-5D4245AD72F3} = {4E56B762-859B-40EA-9B4B-2D27E3E5AB06}
		{DC7EFDC4-E241-414E-9D57-9391DD1C31E5} = {4E56B762-859B-40EA-9B4B-2D27E3E5AB06}
		{A09E258A-AE6F-46BF-9F26-35993037AC45} = {92DF9D1F-50D4-48FA-A7BF-C62865E71C00}
		{4B1A5584-0008-4D4B-8183-915DE22E10F8} = {A09E258A-AE6F-46BF-9F26-35993037AC45}
		{1564F5FC-65A7-43EB-8EB5-5DD9C3203037} = {E5348CCD-0397-4100-9CFB-E861D1BE9945}
		{309473AD-488A-4EF3-90DB-63E64FA969F1} = {E5348CCD-0397-4100-9CFB-E861D1BE9945}
		{025A9FE0-7857-494C-A2D9-20C19A9B564E} = {92DF9D1F-50D4-48FA-A7BF-C62865E71C00}
		{CE8CA270-8A01-4FC3-B30D-DFC151764D86} = {025A9FE0-7857-494C-A2D9-20C19A9B564E}
		{337C53A6-526A-4A2D-BBA2-BE7C9DF310B9} = {4290A16D-319E-4B2F-8B24-2DE502D02F8F}
		{39739298-D2E6-439C-8E7F-36163F773050} = {92DF9D1F-50D4-48FA-A7BF-C62865E71C00}
		{49424092-B256-4BA9-9C90-FAB8C78835E6} = {39739298-D2E6-439C-8E7F-36163F773050}
		{83918204-97A2-44F1-86CC-A1764B1EEF7E} = {92DF9D1F-50D4-48FA-A7BF-C62865E71C00}
		{A6519153-FB92-4A95-8EC1-06232AD73A54} = {83918204-97A2-44F1-86CC-A1764B1EEF7E}
		{18BE6D56-5CEF-4095-BB05-DC0774A929E8} = {92DF9D1F-50D4-48FA-A7BF-C62865E71C00}
		{FD626891-6373-4DB9-87BA-882FDA49C879} = {18BE6D56-5CEF-4095-BB05-DC0774A929E8}
		{F6B67852-355C-4FD6-9ABB-A805C9B016DA} = {92DF9D1F-50D4-48FA-A7BF-C62865E71C00}
		{0A5BA125-0D1B-49F4-AF74-6F1BB7FBE39D} = {F6B67852-355C-4FD6-9ABB-A805C9B016DA}
		{3F8E098D-AA6C-4C36-90E2-9FA8925C70A5} = {83918204-97A2-44F1-86CC-A1764B1EEF7E}
		{8B0EB9A6-1BFA-40FE-B2E2-38FD08191E4C} = {92DF9D1F-50D4-48FA-A7BF-C62865E71C00}
		{32DA3376-4BAE-4634-B51B-F29085F3FE7E} = {8B0EB9A6-1BFA-40FE-B2E2-38FD08191E4C}
		{A0BAA442-DD12-4E63-A17F-511438EE2EA0} = {A9F17DEC-11C2-4FCE-8EEE-2149AA59D9C5}
	EndGlobalSection
	GlobalSection(ExtensibilityGlobals) = postSolution
		SolutionGuid = {3789EE00-49A8-4EF8-80F1-0ED833E32303}
	EndGlobalSection
EndGlobal
